{
  "name": "vaco",
  "version": "1.0.0",
  "lockfileVersion": 1,
  "requires": true,
  "dependencies": {
    "@types/node": {
      "version": "18.11.18",
      "dev": true
    },
    "cac": {
      "version": "6.7.14"
    },
    "prettier": {
      "version": "2.8.3",
      "dev": true
    },
    "typescript": {
      "version": "4.9.4",
      "dev": true
    }
  }
}
